
Microsoft Visual Studio Solution File, Format Version 12.00
# Visual Studio Version 16
VisualStudioVersion = 16.0.31624.102
MinimumVisualStudioVersion = 10.0.40219.1
Project("{FAE04EC0-301F-11D3-BF4B-00C04F79EFBC}") = "Shopping App", "Shopping App\Shopping App.csproj", "{3F730B2B-B081-4223-B48E-56A095546482}"
EndProject
Project("{FAE04EC0-301F-11D3-BF4B-00C04F79EFBC}") = "Products.Core", "Products.Core\Products.Core.csproj", "{4C771D66-A43E-4CE9-BBF4-9A0C858C18C8}"
EndProject
Project("{FAE04EC0-301F-11D3-BF4B-00C04F79EFBC}") = "Products.Data", "Products.Data\Products.Data.csproj", "{75E05641-46A2-486D-84F0-EDCB99D084FD}"
EndProject
Global
	GlobalSection(SolutionConfigurationPlatforms) = preSolution
		Debug|Any CPU = Debug|Any CPU
		Release|Any CPU = Release|Any CPU
	EndGlobalSection
	GlobalSection(ProjectConfigurationPlatforms) = postSolution
		{3F730B2B-B081-4223-B48E-56A095546482}.Debug|Any CPU.ActiveCfg = Debug|Any CPU
		{3F730B2B-B081-4223-B48E-56A095546482}.Debug|Any CPU.Build.0 = Debug|Any CPU
		{3F730B2B-B081-4223-B48E-56A095546482}.Release|Any CPU.ActiveCfg = Release|Any CPU
		{3F730B2B-B081-4223-B48E-56A095546482}.Release|Any CPU.Build.0 = Release|Any CPU
		{4C771D66-A43E-4CE9-BBF4-9A0C858C18C8}.Debug|Any CPU.ActiveCfg = Debug|Any CPU
		{4C771D66-A43E-4CE9-BBF4-9A0C858C18C8}.Debug|Any CPU.Build.0 = Debug|Any CPU
		{4C771D66-A43E-4CE9-BBF4-9A0C858C18C8}.Release|Any CPU.ActiveCfg = Release|Any CPU
		{4C771D66-A43E-4CE9-BBF4-9A0C858C18C8}.Release|Any CPU.Build.0 = Release|Any CPU
		{75E05641-46A2-486D-84F0-EDCB99D084FD}.Debug|Any CPU.ActiveCfg = Debug|Any CPU
		{75E05641-46A2-486D-84F0-EDCB99D084FD}.Debug|Any CPU.Build.0 = Debug|Any CPU
		{75E05641-46A2-486D-84F0-EDCB99D084FD}.Release|Any CPU.ActiveCfg = Release|Any CPU
		{75E05641-46A2-486D-84F0-EDCB99D084FD}.Release|Any CPU.Build.0 = Release|Any CPU
	EndGlobalSection
	GlobalSection(SolutionProperties) = preSolution
		HideSolutionNode = FALSE
	EndGlobalSection
	GlobalSection(ExtensibilityGlobals) = postSolution
		SolutionGuid = {D3160388-F686-4D2B-805E-227AAEBEB2C7}
	EndGlobalSection
EndGlobal
